
Microsoft Visual Studio Solution File, Format Version 12.00
# Visual Studio Version 17
VisualStudioVersion = 17.11.35312.102
MinimumVisualStudioVersion = 10.0.40219.1
Project("{FAE04EC0-301F-11D3-BF4B-00C04F79EFBC}") = "Win538Electors", "Win538Electors.csproj", "{1FEC07F8-8660-416C-817A-D76DF3D96E01}"
EndProject
Global
	GlobalSection(SolutionConfigurationPlatforms) = preSolution
		Debug|Any CPU = Debug|Any CPU
		Release|Any CPU = Release|Any CPU
	EndGlobalSection
	GlobalSection(ProjectConfigurationPlatforms) = postSolution
		{1FEC07F8-8660-416C-817A-D76DF3D96E01}.Debug|Any CPU.ActiveCfg = Debug|Any CPU
		{1FEC07F8-8660-416C-817A-D76DF3D96E01}.Debug|Any CPU.Build.0 = Debug|Any CPU
		{1FEC07F8-8660-416C-817A-D76DF3D96E01}.Release|Any CPU.ActiveCfg = Release|Any CPU
		{1FEC07F8-8660-416C-817A-D76DF3D96E01}.Release|Any CPU.Build.0 = Release|Any CPU
	EndGlobalSection
	GlobalSection(SolutionProperties) = preSolution
		HideSolutionNode = FALSE
	EndGlobalSection
	GlobalSection(ExtensibilityGlobals) = postSolution
		SolutionGuid = {3828D374-F8B7-4C75-A456-0C621B3DE509}
	EndGlobalSection
EndGlobal
